# THIS IS AN AUTOGENERATED FILE. DO NOT EDIT THIS FILE DIRECTLY.
# yarn lockfile v1


reduce-reducers@^1.0.4:
  version "1.0.4"
  resolved "https://registry.yarnpkg.com/reduce-reducers/-/reduce-reducers-1.0.4.tgz#fb77e751a9eb0201760ac5a605ca8c9c2d0537f8"
  integrity sha512-Mb2WZ2bJF597exiqX7owBzrqJ74DHLK3yOQjCyPAaNifRncE8OD0wFIuoMhXxTnHK07+8zZ2SJEKy/qtiyR7vw==

redux-thunk@^2.3.0:
  version "2.3.0"
  resolved "https://registry.yarnpkg.com/redux-thunk/-/redux-thunk-2.3.0.tgz#51c2c19a185ed5187aaa9a2d08b666d0d6467622"
  integrity sha512-km6dclyFnmcvxhAcrQV2AkZmPQjzPDjgVlQtR0EQjxZPyJ0BnMf3in1ryuR8A2qU0HldVRfxYXbFSKlI3N7Slw==
